
Microsoft Visual Studio Solution File, Format Version 11.00
# Visual Studio 2010
Project("{E24C65DC-7377-472B-9ABA-BC803B73C61A}") = "asp_assignment", ".", "{B8B88FD6-0926-4B12-B1DB-B6D12047B3BF}"
	ProjectSection(WebsiteProperties) = preProject
		TargetFrameworkMoniker = ".NETFramework,Version%3Dv4.0"
		ProjectReferences = "{E061B19A-4D0D-4DDF-BFDA-54386E27B301}|WebHelper.dll;"
		Debug.AspNetCompiler.VirtualPath = "/asp_assignment"
		Debug.AspNetCompiler.PhysicalPath = "..\asp_assignment\"
		Debug.AspNetCompiler.TargetPath = "PrecompiledWeb\asp_assignment\"
		Debug.AspNetCompiler.Updateable = "true"
		Debug.AspNetCompiler.ForceOverwrite = "true"
		Debug.AspNetCompiler.FixedNames = "false"
		Debug.AspNetCompiler.Debug = "True"
		Release.AspNetCompiler.VirtualPath = "/asp_assignment"
		Release.AspNetCompiler.PhysicalPath = "..\asp_assignment\"
		Release.AspNetCompiler.TargetPath = "PrecompiledWeb\asp_assignment\"
		Release.AspNetCompiler.Updateable = "true"
		Release.AspNetCompiler.ForceOverwrite = "true"
		Release.AspNetCompiler.FixedNames = "false"
		Release.AspNetCompiler.Debug = "False"
		VWDPort = "62043"
	EndProjectSection
EndProject
Project("{FAE04EC0-301F-11D3-BF4B-00C04F79EFBC}") = "WebHelper", "WebHelper\WebHelper.csproj", "{E061B19A-4D0D-4DDF-BFDA-54386E27B301}"
EndProject
Global
	GlobalSection(SolutionConfigurationPlatforms) = preSolution
		Debug|Any CPU = Debug|Any CPU
		Release|Any CPU = Release|Any CPU
	EndGlobalSection
	GlobalSection(ProjectConfigurationPlatforms) = postSolution
		{B8B88FD6-0926-4B12-B1DB-B6D12047B3BF}.Debug|Any CPU.ActiveCfg = Debug|Any CPU
		{B8B88FD6-0926-4B12-B1DB-B6D12047B3BF}.Debug|Any CPU.Build.0 = Debug|Any CPU
		{B8B88FD6-0926-4B12-B1DB-B6D12047B3BF}.Release|Any CPU.ActiveCfg = Debug|Any CPU
		{B8B88FD6-0926-4B12-B1DB-B6D12047B3BF}.Release|Any CPU.Build.0 = Debug|Any CPU
		{E061B19A-4D0D-4DDF-BFDA-54386E27B301}.Debug|Any CPU.ActiveCfg = Debug|Any CPU
		{E061B19A-4D0D-4DDF-BFDA-54386E27B301}.Debug|Any CPU.Build.0 = Debug|Any CPU
		{E061B19A-4D0D-4DDF-BFDA-54386E27B301}.Release|Any CPU.ActiveCfg = Release|Any CPU
		{E061B19A-4D0D-4DDF-BFDA-54386E27B301}.Release|Any CPU.Build.0 = Release|Any CPU
	EndGlobalSection
	GlobalSection(SolutionProperties) = preSolution
		HideSolutionNode = FALSE
	EndGlobalSection
EndGlobal
